goark.dev/arkarta v0.0.2-0.20260827074946-37e5948da38d h1:SaIZB+HOhn747d+bWwsMLwMiZoc/ICWtUusgrftwoW0=
goark.dev/arkarta v0.0.2-0.20260827074946-37e5948da38d/go.mod h1:/ZMTyLm/iknACNnC1vr8paU7PbG63UH8x9fQtcoyIys=
goark.dev/arkarta v0.0.2-0.20260828090226-399469182f3b h1:Ofy2LjWjxuwXn3qctiMBm3LkeUdzWKGiA0qUksntuUU=
goark.dev/arkarta v0.0.2-0.20260828090226-399469182f3b/go.mod h1:/ZMTyLm/iknACNnC1vr8paU7PbG63UH8x9fQtcoyIys=
